
Microsoft Visual Studio Solution File, Format Version 12.00
# Visual Studio 14
VisualStudioVersion = 14.0.25420.1
MinimumVisualStudioVersion = 10.0.40219.1
Project("{FAE04EC0-301F-11D3-BF4B-00C04F79EFBC}") = "SERVICES.MODEL", "SERVICES.MODEL\SERVICES.MODEL.csproj", "{834665D8-B05E-437F-8567-277B2B5C89EA}"
EndProject
Project("{FAE04EC0-301F-11D3-BF4B-00C04F79EFBC}") = "SERVICES.REPO", "SERVICES.REPO\SERVICES.REPO.csproj", "{6E0B220E-024B-4FB0-96DE-64C92CE91B66}"
EndProject
Project("{FAE04EC0-301F-11D3-BF4B-00C04F79EFBC}") = "HELPERS", "HELPERS\HELPERS.csproj", "{053151CE-7A78-4537-8962-3A04A4CE9499}"
EndProject
Project("{FAE04EC0-301F-11D3-BF4B-00C04F79EFBC}") = "SERVICES.EF", "SERVICES.EF\SERVICES.EF.csproj", "{6FEA08FA-CFF1-432A-A6FC-99A4D1E5781D}"
EndProject
Project("{FAE04EC0-301F-11D3-BF4B-00C04F79EFBC}") = "SERVICES.WebUI", "SERVICES.WebUI\SERVICES.WebUI.csproj", "{92B8EC92-2CA6-4E23-BEEA-56E79168428F}"
EndProject
Project("{FAE04EC0-301F-11D3-BF4B-00C04F79EFBC}") = "SERVICES.WebUI.TEST", "SERVICES.WebUI.TEST\SERVICES.WebUI.TEST.csproj", "{EA27DA79-C65C-4A89-8B40-690D03112884}"
EndProject
Project("{E24C65DC-7377-472B-9ABA-BC803B73C61A}") = "THEME MASTER", "THEME MASTER\", "{16F5DBC6-73F2-498E-A812-01428E8E4709}"
	ProjectSection(WebsiteProperties) = preProject
		TargetFrameworkMoniker = ".NETFramework,Version%3Dv4.0"
		Debug.AspNetCompiler.VirtualPath = "/localhost_64055"
		Debug.AspNetCompiler.PhysicalPath = "THEME MASTER\"
		Debug.AspNetCompiler.TargetPath = "PrecompiledWeb\localhost_64055\"
		Debug.AspNetCompiler.Updateable = "true"
		Debug.AspNetCompiler.ForceOverwrite = "true"
		Debug.AspNetCompiler.FixedNames = "false"
		Debug.AspNetCompiler.Debug = "True"
		Release.AspNetCompiler.VirtualPath = "/localhost_64055"
		Release.AspNetCompiler.PhysicalPath = "THEME MASTER\"
		Release.AspNetCompiler.TargetPath = "PrecompiledWeb\localhost_64055\"
		Release.AspNetCompiler.Updateable = "true"
		Release.AspNetCompiler.ForceOverwrite = "true"
		Release.AspNetCompiler.FixedNames = "false"
		Release.AspNetCompiler.Debug = "False"
		VWDPort = "64055"
		SlnRelativePath = "THEME MASTER\"
	EndProjectSection
EndProject
Project("{FAE04EC0-301F-11D3-BF4B-00C04F79EFBC}") = "SERVICES.API", "SERVICES.API\SERVICES.API.csproj", "{0C7AE1E1-4131-4E26-A488-5843AB952AF5}"
EndProject
Project("{FAE04EC0-301F-11D3-BF4B-00C04F79EFBC}") = "SERVICES.API.Tests", "SERVICES.API.Tests\SERVICES.API.Tests.csproj", "{8D58C3F3-6A06-4538-859E-122D72CA06FF}"
EndProject
Project("{FAE04EC0-301F-11D3-BF4B-00C04F79EFBC}") = "SERVICES.MIDDLEWARES", "SERVICES.MIDDLEWARE\SERVICES.MIDDLEWARES.csproj", "{D8EAD31F-1514-4C57-82C9-13659D587FE1}"
EndProject
Project("{2150E333-8FDC-42A3-9474-1A3956D46DE8}") = "TEST", "TEST", "{C720C755-A41B-4F5A-B1BD-7289AE840787}"
EndProject
Project("{2150E333-8FDC-42A3-9474-1A3956D46DE8}") = "DOC", "DOC", "{09D43677-9640-4B89-A43B-62029DFF0D06}"
EndProject
Project("{2150E333-8FDC-42A3-9474-1A3956D46DE8}") = "TODELETE", "TODELETE", "{0FFC559C-26E0-4515-B71C-47A04AFFE32C}"
EndProject
Project("{FAE04EC0-301F-11D3-BF4B-00C04F79EFBC}") = "OAuth.API", "OAuthServer\OAuth.API.csproj", "{C71E46FD-2A19-4FB8-9B22-EF89E6E6F5E9}"
EndProject
Project("{FAE04EC0-301F-11D3-BF4B-00C04F79EFBC}") = "OAuthServer.Tests", "OAuthServer.Tests\OAuthServer.Tests.csproj", "{F9FFC61B-0984-4577-A401-610100CE7C1C}"
EndProject
Project("{FAE04EC0-301F-11D3-BF4B-00C04F79EFBC}") = "OAuth", "OAuth\OAuth.csproj", "{D2212028-4EC0-4D0D-8872-0D8DE952BA32}"
EndProject
Global
	GlobalSection(SolutionConfigurationPlatforms) = preSolution
		Debug|Any CPU = Debug|Any CPU
		Release|Any CPU = Release|Any CPU
	EndGlobalSection
	GlobalSection(ProjectConfigurationPlatforms) = postSolution
		{834665D8-B05E-437F-8567-277B2B5C89EA}.Debug|Any CPU.ActiveCfg = Debug|Any CPU
		{834665D8-B05E-437F-8567-277B2B5C89EA}.Debug|Any CPU.Build.0 = Debug|Any CPU
		{834665D8-B05E-437F-8567-277B2B5C89EA}.Release|Any CPU.ActiveCfg = Release|Any CPU
		{834665D8-B05E-437F-8567-277B2B5C89EA}.Release|Any CPU.Build.0 = Release|Any CPU
		{6E0B220E-024B-4FB0-96DE-64C92CE91B66}.Debug|Any CPU.ActiveCfg = Debug|Any CPU
		{6E0B220E-024B-4FB0-96DE-64C92CE91B66}.Debug|Any CPU.Build.0 = Debug|Any CPU
		{6E0B220E-024B-4FB0-96DE-64C92CE91B66}.Release|Any CPU.ActiveCfg = Release|Any CPU
		{6E0B220E-024B-4FB0-96DE-64C92CE91B66}.Release|Any CPU.Build.0 = Release|Any CPU
		{053151CE-7A78-4537-8962-3A04A4CE9499}.Debug|Any CPU.ActiveCfg = Debug|Any CPU
		{053151CE-7A78-4537-8962-3A04A4CE9499}.Debug|Any CPU.Build.0 = Debug|Any CPU
		{053151CE-7A78-4537-8962-3A04A4CE9499}.Release|Any CPU.ActiveCfg = Release|Any CPU
		{053151CE-7A78-4537-8962-3A04A4CE9499}.Release|Any CPU.Build.0 = Release|Any CPU
		{6FEA08FA-CFF1-432A-A6FC-99A4D1E5781D}.Debug|Any CPU.ActiveCfg = Debug|Any CPU
		{6FEA08FA-CFF1-432A-A6FC-99A4D1E5781D}.Debug|Any CPU.Build.0 = Debug|Any CPU
		{6FEA08FA-CFF1-432A-A6FC-99A4D1E5781D}.Release|Any CPU.ActiveCfg = Release|Any CPU
		{6FEA08FA-CFF1-432A-A6FC-99A4D1E5781D}.Release|Any CPU.Build.0 = Release|Any CPU
		{92B8EC92-2CA6-4E23-BEEA-56E79168428F}.Debug|Any CPU.ActiveCfg = Debug|Any CPU
		{92B8EC92-2CA6-4E23-BEEA-56E79168428F}.Debug|Any CPU.Build.0 = Debug|Any CPU
		{92B8EC92-2CA6-4E23-BEEA-56E79168428F}.Release|Any CPU.ActiveCfg = Release|Any CPU
		{92B8EC92-2CA6-4E23-BEEA-56E79168428F}.Release|Any CPU.Build.0 = Release|Any CPU
		{EA27DA79-C65C-4A89-8B40-690D03112884}.Debug|Any CPU.ActiveCfg = Debug|Any CPU
		{EA27DA79-C65C-4A89-8B40-690D03112884}.Debug|Any CPU.Build.0 = Debug|Any CPU
		{EA27DA79-C65C-4A89-8B40-690D03112884}.Release|Any CPU.ActiveCfg = Release|Any CPU
		{EA27DA79-C65C-4A89-8B40-690D03112884}.Release|Any CPU.Build.0 = Release|Any CPU
		{16F5DBC6-73F2-498E-A812-01428E8E4709}.Debug|Any CPU.ActiveCfg = Debug|Any CPU
		{16F5DBC6-73F2-498E-A812-01428E8E4709}.Debug|Any CPU.Build.0 = Debug|Any CPU
		{16F5DBC6-73F2-498E-A812-01428E8E4709}.Release|Any CPU.ActiveCfg = Debug|Any CPU
		{16F5DBC6-73F2-498E-A812-01428E8E4709}.Release|Any CPU.Build.0 = Debug|Any CPU
		{0C7AE1E1-4131-4E26-A488-5843AB952AF5}.Debug|Any CPU.ActiveCfg = Debug|Any CPU
		{0C7AE1E1-4131-4E26-A488-5843AB952AF5}.Debug|Any CPU.Build.0 = Debug|Any CPU
		{0C7AE1E1-4131-4E26-A488-5843AB952AF5}.Release|Any CPU.ActiveCfg = Release|Any CPU
		{0C7AE1E1-4131-4E26-A488-5843AB952AF5}.Release|Any CPU.Build.0 = Release|Any CPU
		{8D58C3F3-6A06-4538-859E-122D72CA06FF}.Debug|Any CPU.ActiveCfg = Debug|Any CPU
		{8D58C3F3-6A06-4538-859E-122D72CA06FF}.Debug|Any CPU.Build.0 = Debug|Any CPU
		{8D58C3F3-6A06-4538-859E-122D72CA06FF}.Release|Any CPU.ActiveCfg = Release|Any CPU
		{8D58C3F3-6A06-4538-859E-122D72CA06FF}.Release|Any CPU.Build.0 = Release|Any CPU
		{D8EAD31F-1514-4C57-82C9-13659D587FE1}.Debug|Any CPU.ActiveCfg = Debug|Any CPU
		{D8EAD31F-1514-4C57-82C9-13659D587FE1}.Debug|Any CPU.Build.0 = Debug|Any CPU
		{D8EAD31F-1514-4C57-82C9-13659D587FE1}.Release|Any CPU.ActiveCfg = Release|Any CPU
		{D8EAD31F-1514-4C57-82C9-13659D587FE1}.Release|Any CPU.Build.0 = Release|Any CPU
		{C71E46FD-2A19-4FB8-9B22-EF89E6E6F5E9}.Debug|Any CPU.ActiveCfg = Debug|Any CPU
		{C71E46FD-2A19-4FB8-9B22-EF89E6E6F5E9}.Debug|Any CPU.Build.0 = Debug|Any CPU
		{C71E46FD-2A19-4FB8-9B22-EF89E6E6F5E9}.Release|Any CPU.ActiveCfg = Release|Any CPU
		{C71E46FD-2A19-4FB8-9B22-EF89E6E6F5E9}.Release|Any CPU.Build.0 = Release|Any CPU
		{F9FFC61B-0984-4577-A401-610100CE7C1C}.Debug|Any CPU.ActiveCfg = Debug|Any CPU
		{F9FFC61B-0984-4577-A401-610100CE7C1C}.Debug|Any CPU.Build.0 = Debug|Any CPU
		{F9FFC61B-0984-4577-A401-610100CE7C1C}.Release|Any CPU.ActiveCfg = Release|Any CPU
		{F9FFC61B-0984-4577-A401-610100CE7C1C}.Release|Any CPU.Build.0 = Release|Any CPU
		{D2212028-4EC0-4D0D-8872-0D8DE952BA32}.Debug|Any CPU.ActiveCfg = Debug|Any CPU
		{D2212028-4EC0-4D0D-8872-0D8DE952BA32}.Debug|Any CPU.Build.0 = Debug|Any CPU
		{D2212028-4EC0-4D0D-8872-0D8DE952BA32}.Release|Any CPU.ActiveCfg = Release|Any CPU
		{D2212028-4EC0-4D0D-8872-0D8DE952BA32}.Release|Any CPU.Build.0 = Release|Any CPU
	EndGlobalSection
	GlobalSection(SolutionProperties) = preSolution
		HideSolutionNode = FALSE
	EndGlobalSection
	GlobalSection(NestedProjects) = preSolution
		{6FEA08FA-CFF1-432A-A6FC-99A4D1E5781D} = {0FFC559C-26E0-4515-B71C-47A04AFFE32C}
		{EA27DA79-C65C-4A89-8B40-690D03112884} = {C720C755-A41B-4F5A-B1BD-7289AE840787}
		{16F5DBC6-73F2-498E-A812-01428E8E4709} = {09D43677-9640-4B89-A43B-62029DFF0D06}
		{8D58C3F3-6A06-4538-859E-122D72CA06FF} = {C720C755-A41B-4F5A-B1BD-7289AE840787}
		{F9FFC61B-0984-4577-A401-610100CE7C1C} = {C720C755-A41B-4F5A-B1BD-7289AE840787}
	EndGlobalSection
EndGlobal
